{
  "name": "@najmul-islam/github-package-demo",
  "version": "1.0.0",
  "lockfileVersion": 2,
  "requires": true,
  "packages": {
    "": {
      "name": "@najmul-islam/github-package-demo",
      "version": "1.0.0",
      "license": "ISC",
      "dependencies": {
        "@najmul-islam/github-package-demo": "^1.0.0"
      }
    },
    "node_modules/@najmul-islam/github-package-demo": {
      "version": "1.0.0",
      "resolved": "https://npm.pkg.github.com/download/@najmul-islam/github-package-demo/1.0.0/ade65b73170b381408434b8d4a06e521f68d472ed0bfa24642483fd2c58b099f",
      "integrity": "sha512-LJrL6vMYINCDh3dJEQrhvGybtc4qVlj03D3YmuUQsXGw//7/V2BWiq4xiAJpLXvYDLE5Jo/AdF4oXxjr8rZKIw==",
      "license": "ISC"
    }
  },
  "dependencies": {
    "@najmul-islam/github-package-demo": {
      "version": "1.0.0",
      "resolved": "https://npm.pkg.github.com/download/@najmul-islam/github-package-demo/1.0.0/ade65b73170b381408434b8d4a06e521f68d472ed0bfa24642483fd2c58b099f",
      "integrity": "sha512-LJrL6vMYINCDh3dJEQrhvGybtc4qVlj03D3YmuUQsXGw//7/V2BWiq4xiAJpLXvYDLE5Jo/AdF4oXxjr8rZKIw=="
    }
  }
}
